// !$*UTF8*$!
{
	archiveVersion = 1;
	classes = {
	};
	objectVersion = 77;
	objects = {

/* Begin PBXBuildFile section */
		364883512F56F20000C3DA87 /* FeatureHome in Frameworks */ = {isa = PBXBuildFile; productRef = 364883502F56F20000C3DA87 /* FeatureHome */; };
		364883562F574A2600C3DA87 /* ServerDrivenEngine in Frameworks */ = {isa = PBXBuildFile; productRef = 364883552F574A2600C3DA87 /* ServerDrivenEngine */; };
		364883E32F584B6100C3DA87 /* CoreModule in Frameworks */ = {isa = PBXBuildFile; productRef = 364883E22F584B6100C3DA87 /* CoreModule */; };
		364883E52F584DF200C3DA87 /* FeatureProducts in Frameworks */ = {isa = PBXBuildFile; productRef = 364883E42F584DF200C3DA87 /* FeatureProducts */; };
		36D53DDD2F72F1CC004FFE44 /* FeatureVoiceOver in Frameworks */ = {isa = PBXBuildFile; productRef = 36D53DDC2F72F1CC004FFE44 /* FeatureVoiceOver */; };
/* End PBXBuildFile section */

/* Begin PBXContainerItemProxy section */
		364883172F55E0F800C3DA87 /* PBXContainerItemProxy */ = {
			isa = PBXContainerItemProxy;
			containerPortal = 364882FC2F55E0F700C3DA87 /* Project object */;
			proxyType = 1;
			remoteGlobalIDString = 364883032F55E0F800C3DA87;
			remoteInfo = ServerDrivenUI;
		};
		364883212F55E0F800C3DA87 /* PBXContainerItemProxy */ = {
			isa = PBXContainerItemProxy;
			containerPortal = 364882FC2F55E0F700C3DA87 /* Project object */;
			proxyType = 1;
			remoteGlobalIDString = 364883032F55E0F800C3DA87;
			remoteInfo = ServerDrivenUI;
		};
/* End PBXContainerItemProxy section */

/* Begin PBXFileReference section */
		364883042F55E0F800C3DA87 /* ServerDrivenUI.app */ = {isa = PBXFileReference; explicitFileType = wrapper.application; includeInIndex = 0; path = ServerDrivenUI.app; sourceTree = BUILT_PRODUCTS_DIR; };
		364883162F55E0F800C3DA87 /* ServerDrivenUITests.xctest */ = {isa = PBXFileReference; explicitFileType = wrapper.cfbundle; includeInIndex = 0; path = ServerDrivenUITests.xctest; sourceTree = BUILT_PRODUCTS_DIR; };
		364883202F55E0F800C3DA87 /* ServerDrivenUIUITests.xctest */ = {isa = PBXFileReference; explicitFileType = wrapper.cfbundle; includeInIndex = 0; path = ServerDrivenUIUITests.xctest; sourceTree = BUILT_PRODUCTS_DIR; };
/* End PBXFileReference section */

/* Begin PBXFileSystemSynchronizedBuildFileExceptionSet section */
		3680229D2F7AAC5600F8E22B /* Exceptions for "ServerDrivenUI" folder in "ServerDrivenUI" target */ = {
			isa = PBXFileSystemSynchronizedBuildFileExceptionSet;
			membershipExceptions = (
				SDK/ServerDrivenUI/SDK/PaymentSDKModule,
			);
			target = 364883032F55E0F800C3DA87 /* ServerDrivenUI */;
		};
/* End PBXFileSystemSynchronizedBuildFileExceptionSet section */

/* Begin PBXFileSystemSynchronizedRootGroup section */
		364883062F55E0F800C3DA87 /* ServerDrivenUI */ = {
			isa = PBXFileSystemSynchronizedRootGroup;
			exceptions = (
				3680229D2F7AAC5600F8E22B /* Exceptions for "ServerDrivenUI" folder in "ServerDrivenUI" target */,
			);
			path = ServerDrivenUI;
			sourceTree = "<group>";
		};
		364883192F55E0F800C3DA87 /* ServerDrivenUITests */ = {
			isa = PBXFileSystemSynchronizedRootGroup;
			path = ServerDrivenUITests;
			sourceTree = "<group>";
		};
		364883232F55E0F800C3DA87 /* ServerDrivenUIUITests */ = {
			isa = PBXFileSystemSynchronizedRootGroup;
			path = ServerDrivenUIUITests;
			sourceTree = "<group>";
		};
/* End PBXFileSystemSynchronizedRootGroup section */

/* Begin PBXFrameworksBuildPhase section */
		364883012F55E0F800C3DA87 /* Frameworks */ = {
			isa = PBXFrameworksBuildPhase;
			buildActionMask = 2147483647;
			files = (
				364883512F56F20000C3DA87 /* FeatureHome in Frameworks */,
				364883E32F584B6100C3DA87 /* CoreModule in Frameworks */,
				364883562F574A2600C3DA87 /* ServerDrivenEngine in Frameworks */,
				364883E52F584DF200C3DA87 /* FeatureProducts in Frameworks */,
				36D53DDD2F72F1CC004FFE44 /* FeatureVoiceOver in Frameworks */,
			);
			runOnlyForDeploymentPostprocessing = 0;
		};
		364883132F55E0F800C3DA87 /* Frameworks */ = {
			isa = PBXFrameworksBuildPhase;
			buildActionMask = 2147483647;
			files = (
			);
			runOnlyForDeploymentPostprocessing = 0;
		};
		3648831D2F55E0F800C3DA87 /* Frameworks */ = {
			isa = PBXFrameworksBuildPhase;
			buildActionMask = 2147483647;
			files = (
			);
			runOnlyForDeploymentPostprocessing = 0;
		};
/* End PBXFrameworksBuildPhase section */

/* Begin PBXGroup section */
		364882FB2F55E0F700C3DA87 = {
			isa = PBXGroup;
			children = (
				364883062F55E0F800C3DA87 /* ServerDrivenUI */,
				364883192F55E0F800C3DA87 /* ServerDrivenUITests */,
				364883232F55E0F800C3DA87 /* ServerDrivenUIUITests */,
				3648834F2F56F20000C3DA87 /* Frameworks */,
				364883052F55E0F800C3DA87 /* Products */,
			);
			sourceTree = "<group>";
		};
		364883052F55E0F800C3DA87 /* Products */ = {
			isa = PBXGroup;
			children = (
				364883042F55E0F800C3DA87 /* ServerDrivenUI.app */,
				364883162F55E0F800C3DA87 /* ServerDrivenUITests.xctest */,
				364883202F55E0F800C3DA87 /* ServerDrivenUIUITests.xctest */,
			);
			name = Products;
			sourceTree = "<group>";
		};
		3648834F2F56F20000C3DA87 /* Frameworks */ = {
			isa = PBXGroup;
			children = (
			);
			name = Frameworks;
			sourceTree = "<group>";
		};
/* End PBXGroup section */

/* Begin PBXNativeTarget section */
		364883032F55E0F800C3DA87 /* ServerDrivenUI */ = {
			isa = PBXNativeTarget;
			buildConfigurationList = 3648832A2F55E0F800C3DA87 /* Build configuration list for PBXNativeTarget "ServerDrivenUI" */;
			buildPhases = (
				364883002F55E0F800C3DA87 /* Sources */,
				364883012F55E0F800C3DA87 /* Frameworks */,
				364883022F55E0F800C3DA87 /* Resources */,
			);
			buildRules = (
			);
			dependencies = (
			);
			fileSystemSynchronizedGroups = (
				364883062F55E0F800C3DA87 /* ServerDrivenUI */,
			);
			name = ServerDrivenUI;
			packageProductDependencies = (
				364883502F56F20000C3DA87 /* FeatureHome */,
				364883552F574A2600C3DA87 /* ServerDrivenEngine */,
				364883E22F584B6100C3DA87 /* CoreModule */,
				364883E42F584DF200C3DA87 /* FeatureProducts */,
				36D53DDC2F72F1CC004FFE44 /* FeatureVoiceOver */,
			);
			productName = ServerDrivenUI;
			productReference = 364883042F55E0F800C3DA87 /* ServerDrivenUI.app */;
			productType = "com.apple.product-type.application";
		};
		364883152F55E0F800C3DA87 /* ServerDrivenUITests */ = {
			isa = PBXNativeTarget;
			buildConfigurationList = 3648832D2F55E0F800C3DA87 /* Build configuration list for PBXNativeTarget "ServerDrivenUITests" */;
			buildPhases = (
				364883122F55E0F800C3DA87 /* Sources */,
				364883132F55E0F800C3DA87 /* Frameworks */,
				364883142F55E0F800C3DA87 /* Resources */,
			);
			buildRules = (
			);
			dependencies = (
				364883182F55E0F800C3DA87 /* PBXTargetDependency */,
			);
			fileSystemSynchronizedGroups = (
				364883192F55E0F800C3DA87 /* ServerDrivenUITests */,
			);
			name = ServerDrivenUITests;
			packageProductDependencies = (
			);
			productName = ServerDrivenUITests;
			productReference = 364883162F55E0F800C3DA87 /* ServerDrivenUITests.xctest */;
			productType = "com.apple.product-type.bundle.unit-test";
		};
		3648831F2F55E0F800C3DA87 /* ServerDrivenUIUITests */ = {
			isa = PBXNativeTarget;
			buildConfigurationList = 364883302F55E0F800C3DA87 /* Build configuration list for PBXNativeTarget "ServerDrivenUIUITests" */;
			buildPhases = (
				3648831C2F55E0F800C3DA87 /* Sources */,
				3648831D2F55E0F800C3DA87 /* Frameworks */,
				3648831E2F55E0F800C3DA87 /* Resources */,
			);
			buildRules = (
			);
			dependencies = (
				364883222F55E0F800C3DA87 /* PBXTargetDependency */,
			);
			fileSystemSynchronizedGroups = (
				364883232F55E0F800C3DA87 /* ServerDrivenUIUITests */,
			);
			name = ServerDrivenUIUITests;
			packageProductDependencies = (
			);
			productName = ServerDrivenUIUITests;
			productReference = 364883202F55E0F800C3DA87 /* ServerDrivenUIUITests.xctest */;
			productType = "com.apple.product-type.bundle.ui-testing";
		};
/* End PBXNativeTarget section */

/* Begin PBXProject section */
		364882FC2F55E0F700C3DA87 /* Project object */ = {
			isa = PBXProject;
			attributes = {
				BuildIndependentTargetsInParallel = 1;
				LastSwiftUpdateCheck = 2620;
				LastUpgradeCheck = 2620;
				TargetAttributes = {
					364883032F55E0F800C3DA87 = {
						CreatedOnToolsVersion = 26.2;
					};
					364883152F55E0F800C3DA87 = {
						CreatedOnToolsVersion = 26.2;
						TestTargetID = 364883032F55E0F800C3DA87;
					};
					3648831F2F55E0F800C3DA87 = {
						CreatedOnToolsVersion = 26.2;
						TestTargetID = 364883032F55E0F800C3DA87;
					};
				};
			};
			buildConfigurationList = 364882FF2F55E0F700C3DA87 /* Build configuration list for PBXProject "ServerDrivenUI" */;
			developmentRegion = en;
			hasScannedForEncodings = 0;
			knownRegions = (
				en,
				Base,
			);
			mainGroup = 364882FB2F55E0F700C3DA87;
			minimizedProjectReferenceProxies = 1;
			preferredProjectObjectVersion = 77;
			productRefGroup = 364883052F55E0F800C3DA87 /* Products */;
			projectDirPath = "";
			projectRoot = "";
			targets = (
				364883032F55E0F800C3DA87 /* ServerDrivenUI */,
				364883152F55E0F800C3DA87 /* ServerDrivenUITests */,
				3648831F2F55E0F800C3DA87 /* ServerDrivenUIUITests */,
			);
		};
/* End PBXProject section */

/* Begin PBXResourcesBuildPhase section */
		364883022F55E0F800C3DA87 /* Resources */ = {
			isa = PBXResourcesBuildPhase;
			buildActionMask = 2147483647;
			files = (
			);
			runOnlyForDeploymentPostprocessing = 0;
		};
		364883142F55E0F800C3DA87 /* Resources */ = {
			isa = PBXResourcesBuildPhase;
			buildActionMask = 2147483647;
			files = (
			);
			runOnlyForDeploymentPostprocessing = 0;
		};
		3648831E2F55E0F800C3DA87 /* Resources */ = {
			isa = PBXResourcesBuildPhase;
			buildActionMask = 2147483647;
			files = (
			);
			runOnlyForDeploymentPostprocessing = 0;
		};
/* End PBXResourcesBuildPhase section */

/* Begin PBXSourcesBuildPhase section */
		364883002F55E0F800C3DA87 /* Sources */ = {
			isa = PBXSourcesBuildPhase;
			buildActionMask = 2147483647;
			files = (
			);
			runOnlyForDeploymentPostprocessing = 0;
		};
		364883122F55E0F800C3DA87 /* Sources */ = {
			isa = PBXSourcesBuildPhase;
			buildActionMask = 2147483647;
			files = (
			);
			runOnlyForDeploymentPostprocessing = 0;
		};
		3648831C2F55E0F800C3DA87 /* Sources */ = {
			isa = PBXSourcesBuildPhase;
			buildActionMask = 2147483647;
			files = (
			);
			runOnlyForDeploymentPostprocessing = 0;
		};
/* End PBXSourcesBuildPhase section */

/* Begin PBXTargetDependency section */
		364883182F55E0F800C3DA87 /* PBXTargetDependency */ = {
			isa = PBXTargetDependency;
			target = 364883032F55E0F800C3DA87 /* ServerDrivenUI */;
			targetProxy = 364883172F55E0F800C3DA87 /* PBXContainerItemProxy */;
		};
		364883222F55E0F800C3DA87 /* PBXTargetDependency */ = {
			isa = PBXTargetDependency;
			target = 364883032F55E0F800C3DA87 /* ServerDrivenUI */;
			targetProxy = 364883212F55E0F800C3DA87 /* PBXContainerItemProxy */;
		};
/* End PBXTargetDependency section */

/* Begin XCBuildConfiguration section */
		364883282F55E0F800C3DA87 /* Debug */ = {
			isa = XCBuildConfiguration;
			buildSettings = {
				ALWAYS_SEARCH_USER_PATHS = NO;
				ASSETCATALOG_COMPILER_GENERATE_SWIFT_ASSET_SYMBOL_EXTENSIONS = YES;
				CLANG_ANALYZER_NONNULL = YES;
				CLANG_ANALYZER_NUMBER_OBJECT_CONVERSION = YES_AGGRESSIVE;
				CLANG_CXX_LANGUAGE_STANDARD = "gnu++20";
				CLANG_ENABLE_MODULES = YES;
				CLANG_ENABLE_OBJC_ARC = YES;
				CLANG_ENABLE_OBJC_WEAK = YES;
				CLANG_WARN_BLOCK_CAPTURE_AUTORELEASING = YES;
				CLANG_WARN_BOOL_CONVERSION = YES;
				CLANG_WARN_COMMA = YES;
				CLANG_WARN_CONSTANT_CONVERSION = YES;
				CLANG_WARN_DEPRECATED_OBJC_IMPLEMENTATIONS = YES;
				CLANG_WARN_DIRECT_OBJC_ISA_USAGE = YES_ERROR;
				CLANG_WARN_DOCUMENTATION_COMMENTS = YES;
				CLANG_WARN_EMPTY_BODY = YES;
				CLANG_WARN_ENUM_CONVERSION = YES;
				CLANG_WARN_INFINITE_RECURSION = YES;
				CLANG_WARN_INT_CONVERSION = YES;
				CLANG_WARN_NON_LITERAL_NULL_CONVERSION = YES;
				CLANG_WARN_OBJC_IMPLICIT_RETAIN_SELF = YES;
				CLANG_WARN_OBJC_LITERAL_CONVERSION = YES;
				CLANG_WARN_OBJC_ROOT_CLASS = YES_ERROR;
				CLANG_WARN_QUOTED_INCLUDE_IN_FRAMEWORK_HEADER = YES;
				CLANG_WARN_RANGE_LOOP_ANALYSIS = YES;
				CLANG_WARN_STRICT_PROTOTYPES = YES;
				CLANG_WARN_SUSPICIOUS_MOVE = YES;
				CLANG_WARN_UNGUARDED_AVAILABILITY = YES_AGGRESSIVE;
				CLANG_WARN_UNREACHABLE_CODE = YES;
				CLANG_WARN__DUPLICATE_METHOD_MATCH = YES;
				COPY_PHASE_STRIP = NO;
				DEBUG_INFORMATION_FORMAT = dwarf;
				ENABLE_STRICT_OBJC_MSGSEND = YES;
				ENABLE_TESTABILITY = YES;
				ENABLE_USER_SCRIPT_SANDBOXING = YES;
				GCC_C_LANGUAGE_STANDARD = gnu17;
				GCC_DYNAMIC_NO_PIC = NO;
				GCC_NO_COMMON_BLOCKS = YES;
				GCC_OPTIMIZATION_LEVEL = 0;
				GCC_PREPROCESSOR_DEFINITIONS = (
					"DEBUG=1",
					"$(inherited)",
				);
				GCC_WARN_64_TO_32_BIT_CONVERSION = YES;
				GCC_WARN_ABOUT_RETURN_TYPE = YES_ERROR;
				GCC_WARN_UNDECLARED_SELECTOR = YES;
				GCC_WARN_UNINITIALIZED_AUTOS = YES_AGGRESSIVE;
				GCC_WARN_UNUSED_FUNCTION = YES;
				GCC_WARN_UNUSED_VARIABLE = YES;
				IPHONEOS_DEPLOYMENT_TARGET = 26.2;
				LOCALIZATION_PREFERS_STRING_CATALOGS = YES;
				MTL_ENABLE_DEBUG_INFO = INCLUDE_SOURCE;
				MTL_FAST_MATH = YES;
				ONLY_ACTIVE_ARCH = YES;
				SDKROOT = iphoneos;
				SWIFT_ACTIVE_COMPILATION_CONDITIONS = "DEBUG $(inherited)";
				SWIFT_OPTIMIZATION_LEVEL = "-Onone";
			};
			name = Debug;
		};
		364883292F55E0F800C3DA87 /* Release */ = {
			isa = XCBuildConfiguration;
			buildSettings = {
				ALWAYS_SEARCH_USER_PATHS = NO;
				ASSETCATALOG_COMPILER_GENERATE_SWIFT_ASSET_SYMBOL_EXTENSIONS = YES;
				CLANG_ANALYZER_NONNULL = YES;
				CLANG_ANALYZER_NUMBER_OBJECT_CONVERSION = YES_AGGRESSIVE;
				CLANG_CXX_LANGUAGE_STANDARD = "gnu++20";
				CLANG_ENABLE_MODULES = YES;
				CLANG_ENABLE_OBJC_ARC = YES;
				CLANG_ENABLE_OBJC_WEAK = YES;
				CLANG_WARN_BLOCK_CAPTURE_AUTORELEASING = YES;
				CLANG_WARN_BOOL_CONVERSION = YES;
				CLANG_WARN_COMMA = YES;
				CLANG_WARN_CONSTANT_CONVERSION = YES;
				CLANG_WARN_DEPRECATED_OBJC_IMPLEMENTATIONS = YES;
				CLANG_WARN_DIRECT_OBJC_ISA_USAGE = YES_ERROR;
				CLANG_WARN_DOCUMENTATION_COMMENTS = YES;
				CLANG_WARN_EMPTY_BODY = YES;
				CLANG_WARN_ENUM_CONVERSION = YES;
				CLANG_WARN_INFINITE_RECURSION = YES;
				CLANG_WARN_INT_CONVERSION = YES;
				CLANG_WARN_NON_LITERAL_NULL_CONVERSION = YES;
				CLANG_WARN_OBJC_IMPLICIT_RETAIN_SELF = YES;
				CLANG_WARN_OBJC_LITERAL_CONVERSION = YES;
				CLANG_WARN_OBJC_ROOT_CLASS = YES_ERROR;
				CLANG_WARN_QUOTED_INCLUDE_IN_FRAMEWORK_HEADER = YES;
				CLANG_WARN_RANGE_LOOP_ANALYSIS = YES;
				CLANG_WARN_STRICT_PROTOTYPES = YES;
				CLANG_WARN_SUSPICIOUS_MOVE = YES;
				CLANG_WARN_UNGUARDED_AVAILABILITY = YES_AGGRESSIVE;
				CLANG_WARN_UNREACHABLE_CODE = YES;
				CLANG_WARN__DUPLICATE_METHOD_MATCH = YES;
				COPY_PHASE_STRIP = NO;
				DEBUG_INFORMATION_FORMAT = "dwarf-with-dsym";
				ENABLE_NS_ASSERTIONS = NO;
				ENABLE_STRICT_OBJC_MSGSEND = YES;
				ENABLE_USER_SCRIPT_SANDBOXING = YES;
				GCC_C_LANGUAGE_STANDARD = gnu17;
				GCC_NO_COMMON_BLOCKS = YES;
				GCC_WARN_64_TO_32_BIT_CONVERSION = YES;
				GCC_WARN_ABOUT_RETURN_TYPE = YES_ERROR;
				GCC_WARN_UNDECLARED_SELECTOR = YES;
				GCC_WARN_UNINITIALIZED_AUTOS = YES_AGGRESSIVE;
				GCC_WARN_UNUSED_FUNCTION = YES;
				GCC_WARN_UNUSED_VARIABLE = YES;
				IPHONEOS_DEPLOYMENT_TARGET = 26.2;
				LOCALIZATION_PREFERS_STRING_CATALOGS = YES;
				MTL_ENABLE_DEBUG_INFO = NO;
				MTL_FAST_MATH = YES;
				SDKROOT = iphoneos;
				SWIFT_COMPILATION_MODE = wholemodule;
				VALIDATE_PRODUCT = YES;
			};
			name = Release;
		};
		3648832B2F55E0F800C3DA87 /* Debug */ = {
			isa = XCBuildConfiguration;
			buildSettings = {
				ASSETCATALOG_COMPILER_APPICON_NAME = AppIcon;
				ASSETCATALOG_COMPILER_GLOBAL_ACCENT_COLOR_NAME = AccentColor;
				CODE_SIGN_STYLE = Automatic;
				CURRENT_PROJECT_VERSION = 1;
				DEVELOPMENT_TEAM = B9B6YWAF24;
				ENABLE_PREVIEWS = YES;
				GENERATE_INFOPLIST_FILE = YES;
				INFOPLIST_KEY_UIApplicationSceneManifest_Generation = YES;
				INFOPLIST_KEY_UIApplicationSupportsIndirectInputEvents = YES;
				INFOPLIST_KEY_UILaunchScreen_Generation = YES;
				INFOPLIST_KEY_UISupportedInterfaceOrientations_iPad = "UIInterfaceOrientationPortrait UIInterfaceOrientationPortraitUpsideDown UIInterfaceOrientationLandscapeLeft UIInterfaceOrientationLandscapeRight";
				INFOPLIST_KEY_UISupportedInterfaceOrientations_iPhone = "UIInterfaceOrientationPortrait UIInterfaceOrientationLandscapeLeft UIInterfaceOrientationLandscapeRight";
				IPHONEOS_DEPLOYMENT_TARGET = 18.6;
				LD_RUNPATH_SEARCH_PATHS = (
					"$(inherited)",
					"@executable_path/Frameworks",
				);
				MARKETING_VERSION = 1.0;
				PRODUCT_BUNDLE_IDENTIFIER = Thoughtworks.ServerDrivenUI;
				PRODUCT_NAME = "$(TARGET_NAME)";
				STRING_CATALOG_GENERATE_SYMBOLS = YES;
				SWIFT_APPROACHABLE_CONCURRENCY = YES;
				SWIFT_DEFAULT_ACTOR_ISOLATION = MainActor;
				SWIFT_EMIT_LOC_STRINGS = YES;
				SWIFT_UPCOMING_FEATURE_MEMBER_IMPORT_VISIBILITY = YES;
				SWIFT_VERSION = 5.0;
				TARGETED_DEVICE_FAMILY = "1,2";
			};
			name = Debug;
		};
		3648832C2F55E0F800C3DA87 /* Release */ = {
			isa = XCBuildConfiguration;
			buildSettings = {
				ASSETCATALOG_COMPILER_APPICON_NAME = AppIcon;
				ASSETCATALOG_COMPILER_GLOBAL_ACCENT_COLOR_NAME = AccentColor;
				CODE_SIGN_STYLE = Automatic;
				CURRENT_PROJECT_VERSION = 1;
				DEVELOPMENT_TEAM = B9B6YWAF24;
				ENABLE_PREVIEWS = YES;
				GENERATE_INFOPLIST_FILE = YES;
				INFOPLIST_KEY_UIApplicationSceneManifest_Generation = YES;
				INFOPLIST_KEY_UIApplicationSupportsIndirectInputEvents = YES;
				INFOPLIST_KEY_UILaunchScreen_Generation = YES;
				INFOPLIST_KEY_UISupportedInterfaceOrientations_iPad = "UIInterfaceOrientationPortrait UIInterfaceOrientationPortraitUpsideDown UIInterfaceOrientationLandscapeLeft UIInterfaceOrientationLandscapeRight";
				INFOPLIST_KEY_UISupportedInterfaceOrientations_iPhone = "UIInterfaceOrientationPortrait UIInterfaceOrientationLandscapeLeft UIInterfaceOrientationLandscapeRight";
				IPHONEOS_DEPLOYMENT_TARGET = 18.6;
				LD_RUNPATH_SEARCH_PATHS = (
					"$(inherited)",
					"@executable_path/Frameworks",
				);
				MARKETING_VERSION = 1.0;
				PRODUCT_BUNDLE_IDENTIFIER = Thoughtworks.ServerDrivenUI;
				PRODUCT_NAME = "$(TARGET_NAME)";
				STRING_CATALOG_GENERATE_SYMBOLS = YES;
				SWIFT_APPROACHABLE_CONCURRENCY = YES;
				SWIFT_DEFAULT_ACTOR_ISOLATION = MainActor;
				SWIFT_EMIT_LOC_STRINGS = YES;
				SWIFT_UPCOMING_FEATURE_MEMBER_IMPORT_VISIBILITY = YES;
				SWIFT_VERSION = 5.0;
				TARGETED_DEVICE_FAMILY = "1,2";
			};
			name = Release;
		};
		3648832E2F55E0F800C3DA87 /* Debug */ = {
			isa = XCBuildConfiguration;
			buildSettings = {
				BUNDLE_LOADER = "$(TEST_HOST)";
				CODE_SIGN_STYLE = Automatic;
				CURRENT_PROJECT_VERSION = 1;
				GENERATE_INFOPLIST_FILE = YES;
				IPHONEOS_DEPLOYMENT_TARGET = 26.2;
				MARKETING_VERSION = 1.0;
				PRODUCT_BUNDLE_IDENTIFIER = Thoughtworks.ServerDrivenUITests;
				PRODUCT_NAME = "$(TARGET_NAME)";
				STRING_CATALOG_GENERATE_SYMBOLS = NO;
				SWIFT_APPROACHABLE_CONCURRENCY = YES;
				SWIFT_EMIT_LOC_STRINGS = NO;
				SWIFT_UPCOMING_FEATURE_MEMBER_IMPORT_VISIBILITY = YES;
				SWIFT_VERSION = 5.0;
				TARGETED_DEVICE_FAMILY = "1,2";
				TEST_HOST = "$(BUILT_PRODUCTS_DIR)/ServerDrivenUI.app/$(BUNDLE_EXECUTABLE_FOLDER_PATH)/ServerDrivenUI";
			};
			name = Debug;
		};
		3648832F2F55E0F800C3DA87 /* Release */ = {
			isa = XCBuildConfiguration;
			buildSettings = {
				BUNDLE_LOADER = "$(TEST_HOST)";
				CODE_SIGN_STYLE = Automatic;
				CURRENT_PROJECT_VERSION = 1;
				GENERATE_INFOPLIST_FILE = YES;
				IPHONEOS_DEPLOYMENT_TARGET = 26.2;
				MARKETING_VERSION = 1.0;
				PRODUCT_BUNDLE_IDENTIFIER = Thoughtworks.ServerDrivenUITests;
				PRODUCT_NAME = "$(TARGET_NAME)";
				STRING_CATALOG_GENERATE_SYMBOLS = NO;
				SWIFT_APPROACHABLE_CONCURRENCY = YES;
				SWIFT_EMIT_LOC_STRINGS = NO;
				SWIFT_UPCOMING_FEATURE_MEMBER_IMPORT_VISIBILITY = YES;
				SWIFT_VERSION = 5.0;
				TARGETED_DEVICE_FAMILY = "1,2";
				TEST_HOST = "$(BUILT_PRODUCTS_DIR)/ServerDrivenUI.app/$(BUNDLE_EXECUTABLE_FOLDER_PATH)/ServerDrivenUI";
			};
			name = Release;
		};
		364883312F55E0F800C3DA87 /* Debug */ = {
			isa = XCBuildConfiguration;
			buildSettings = {
				CODE_SIGN_STYLE = Automatic;
				CURRENT_PROJECT_VERSION = 1;
				GENERATE_INFOPLIST_FILE = YES;
				MARKETING_VERSION = 1.0;
				PRODUCT_BUNDLE_IDENTIFIER = Thoughtworks.ServerDrivenUIUITests;
				PRODUCT_NAME = "$(TARGET_NAME)";
				STRING_CATALOG_GENERATE_SYMBOLS = NO;
				SWIFT_APPROACHABLE_CONCURRENCY = YES;
				SWIFT_EMIT_LOC_STRINGS = NO;
				SWIFT_UPCOMING_FEATURE_MEMBER_IMPORT_VISIBILITY = YES;
				SWIFT_VERSION = 5.0;
				TARGETED_DEVICE_FAMILY = "1,2";
				TEST_TARGET_NAME = ServerDrivenUI;
			};
			name = Debug;
		};
		364883322F55E0F800C3DA87 /* Release */ = {
			isa = XCBuildConfiguration;
			buildSettings = {
				CODE_SIGN_STYLE = Automatic;
				CURRENT_PROJECT_VERSION = 1;
				GENERATE_INFOPLIST_FILE = YES;
				MARKETING_VERSION = 1.0;
				PRODUCT_BUNDLE_IDENTIFIER = Thoughtworks.ServerDrivenUIUITests;
				PRODUCT_NAME = "$(TARGET_NAME)";
				STRING_CATALOG_GENERATE_SYMBOLS = NO;
				SWIFT_APPROACHABLE_CONCURRENCY = YES;
				SWIFT_EMIT_LOC_STRINGS = NO;
				SWIFT_UPCOMING_FEATURE_MEMBER_IMPORT_VISIBILITY = YES;
				SWIFT_VERSION = 5.0;
				TARGETED_DEVICE_FAMILY = "1,2";
				TEST_TARGET_NAME = ServerDrivenUI;
			};
			name = Release;
		};
/* End XCBuildConfiguration section */

/* Begin XCConfigurationList section */
		364882FF2F55E0F700C3DA87 /* Build configuration list for PBXProject "ServerDrivenUI" */ = {
			isa = XCConfigurationList;
			buildConfigurations = (
				364883282F55E0F800C3DA87 /* Debug */,
				364883292F55E0F800C3DA87 /* Release */,
			);
			defaultConfigurationIsVisible = 0;
			defaultConfigurationName = Release;
		};
		3648832A2F55E0F800C3DA87 /* Build configuration list for PBXNativeTarget "ServerDrivenUI" */ = {
			isa = XCConfigurationList;
			buildConfigurations = (
				3648832B2F55E0F800C3DA87 /* Debug */,
				3648832C2F55E0F800C3DA87 /* Release */,
			);
			defaultConfigurationIsVisible = 0;
			defaultConfigurationName = Release;
		};
		3648832D2F55E0F800C3DA87 /* Build configuration list for PBXNativeTarget "ServerDrivenUITests" */ = {
			isa = XCConfigurationList;
			buildConfigurations = (
				3648832E2F55E0F800C3DA87 /* Debug */,
				3648832F2F55E0F800C3DA87 /* Release */,
			);
			defaultConfigurationIsVisible = 0;
			defaultConfigurationName = Release;
		};
		364883302F55E0F800C3DA87 /* Build configuration list for PBXNativeTarget "ServerDrivenUIUITests" */ = {
			isa = XCConfigurationList;
			buildConfigurations = (
				364883312F55E0F800C3DA87 /* Debug */,
				364883322F55E0F800C3DA87 /* Release */,
			);
			defaultConfigurationIsVisible = 0;
			defaultConfigurationName = Release;
		};
/* End XCConfigurationList section */

/* Begin XCSwiftPackageProductDependency section */
		364883502F56F20000C3DA87 /* FeatureHome */ = {
			isa = XCSwiftPackageProductDependency;
			productName = FeatureHome;
		};
		364883552F574A2600C3DA87 /* ServerDrivenEngine */ = {
			isa = XCSwiftPackageProductDependency;
			productName = ServerDrivenEngine;
		};
		364883E22F584B6100C3DA87 /* CoreModule */ = {
			isa = XCSwiftPackageProductDependency;
			productName = CoreModule;
		};
		364883E42F584DF200C3DA87 /* FeatureProducts */ = {
			isa = XCSwiftPackageProductDependency;
			productName = FeatureProducts;
		};
		36D53DDC2F72F1CC004FFE44 /* FeatureVoiceOver */ = {
			isa = XCSwiftPackageProductDependency;
			productName = FeatureVoiceOver;
		};
/* End XCSwiftPackageProductDependency section */
	};
	rootObject = 364882FC2F55E0F700C3DA87 /* Project object */;
}
